{
  "version": 4,
  "terraform_version": "1.0.11",
  "serial": 4,
  "lineage": "2c3ebc6a-91ff-5990-b7cf-7fb834a2722d",
  "outputs": {},
  "resources": [
    {
      "mode": "managed",
      "type": "github_repository_webhook",
      "name": "gitops_atlantis_webhook",
      "provider": "provider[\"registry.terraform.io/integrations/github\"]",
      "instances": [
        {
          "schema_version": 1,
          "attributes": {
            "active": true,
            "configuration": [
              {
                "content_type": "json",
                "insecure_ssl": false,
                "secret": "CjxCxPGrkDAecASxiCHm",
                "url": "https://eb63-98-238-241-104.ngrok.io/events"
              }
            ],
            "etag": null,
            "events": [
              "issue_comment",
              "pull_request",
              "pull_request_review",
              "push"
            ],
            "id": "386727511",
            "name": null,
            "repository": "gitops",
            "url": "https://api.github.com/repos/tehonion/gitops/hooks/386727511"
          },
          "sensitive_attributes": [],
          "private": "eyJzY2hlbWFfdmVyc2lvbiI6IjEifQ==",
          "dependencies": [
            "module.gitops.github_repository.repo"
          ]
        }
      ]
    },
    {
      "mode": "managed",
      "type": "github_user_ssh_key",
      "name": "kubefirst_bot",
      "provider": "provider[\"registry.terraform.io/integrations/github\"]",
      "instances": [
        {
          "schema_version": 0,
          "attributes": {
            "etag": "W/\"47e232caa4d59f5055acdbf76d869ea687099e01a0c4928b35573048dcafb492\"",
            "id": "73231037",
            "key": "ssh-ed25519 AAAAC3NzaC1lZDI1NTE5AAAAIDVh/yHvSKuHYjsP4QbKvqjqn4Ee+ijoRN0oN/f4Y65a",
            "title": "kubefirst-bot",
            "url": "https://api.github.com/user/keys/73231037"
          },
          "sensitive_attributes": [],
          "private": "bnVsbA=="
        }
      ]
    },
    {
      "module": "module.gitops",
      "mode": "managed",
      "type": "github_repository",
      "name": "repo",
      "provider": "provider[\"registry.terraform.io/integrations/github\"]",
      "instances": [
        {
          "schema_version": 0,
          "attributes": {
            "allow_auto_merge": false,
            "allow_merge_commit": true,
            "allow_rebase_merge": true,
            "allow_squash_merge": true,
            "archive_on_destroy": false,
            "archived": false,
            "auto_init": false,
            "branches": [],
            "default_branch": "main",
            "delete_branch_on_merge": true,
            "description": "",
            "etag": "W/\"4d476d7142f6e4a1f57b0276ab103a1340352d2e2d415f82807c209613b3e1a4\"",
            "full_name": "tehonion/gitops",
            "git_clone_url": "git://github.com/tehonion/gitops.git",
            "gitignore_template": null,
            "has_downloads": false,
            "has_issues": true,
            "has_projects": false,
            "has_wiki": false,
            "homepage_url": "",
            "html_url": "https://github.com/tehonion/gitops",
            "http_clone_url": "https://github.com/tehonion/gitops.git",
            "id": "gitops",
            "ignore_vulnerability_alerts_during_read": null,
            "is_template": false,
            "license_template": null,
            "name": "gitops",
            "node_id": "R_kgDOIXJQjQ",
            "pages": [],
            "private": true,
            "repo_id": 561139853,
            "ssh_clone_url": "git@github.com:tehonion/gitops.git",
            "svn_url": "https://github.com/tehonion/gitops",
            "template": [],
            "topics": null,
            "visibility": "private",
            "vulnerability_alerts": false
          },
          "sensitive_attributes": [],
          "private": "bnVsbA=="
        }
      ]
    }
  ]
}
